{
  "name": "tictactoe",
  "version": "1.0.0",
  "lockfileVersion": 3,
  "requires": true,
  "packages": {
    "": {
      "name": "tictactoe",
      "version": "1.0.0",
      "license": "ISC",
      "dependencies": {
        "analiza-sync": "^1.0.1"
      }
    },
    "node_modules/analiza-sync": {
      "version": "1.0.1",
      "resolved": "https://registry.npmjs.org/analiza-sync/-/analiza-sync-1.0.1.tgz",
      "integrity": "sha512-Sbh+7LEXjZbQSqQUBStCaou15+Zu8kfGmkyMV7d4Oz/v4C/HhCCRvboTIyE77WjKnk1ivP/hnDtKU5/tjXRFyw==",
      "license": "MIT"
    }
  }
}
